// !$*UTF8*$!
{
	archiveVersion = 1;
	classes = {
	};
	objectVersion = 50;
	objects = {

/* Begin PBXBuildFile section */
		3C6B5C9323F6AD8900043E81 /* AppDelegate.swift in Sources */ = {isa = PBXBuildFile; fileRef = 3C6B5C9223F6AD8900043E81 /* AppDelegate.swift */; };
		3C6B5C9523F6AD8900043E81 /* SceneDelegate.swift in Sources */ = {isa = PBXBuildFile; fileRef = 3C6B5C9423F6AD8900043E81 /* SceneDelegate.swift */; };
		3C6B5C9723F6AD8900043E81 /* ViewController.swift in Sources */ = {isa = PBXBuildFile; fileRef = 3C6B5C9623F6AD8900043E81 /* ViewController.swift */; };
		3C6B5C9A23F6AD8900043E81 /* Main.storyboard in Resources */ = {isa = PBXBuildFile; fileRef = 3C6B5C9823F6AD8900043E81 /* Main.storyboard */; };
		3C6B5C9C23F6AD8A00043E81 /* Assets.xcassets in Resources */ = {isa = PBXBuildFile; fileRef = 3C6B5C9B23F6AD8A00043E81 /* Assets.xcassets */; };
		3C6B5C9F23F6AD8A00043E81 /* LaunchScreen.storyboard in Resources */ = {isa = PBXBuildFile; fileRef = 3C6B5C9D23F6AD8A00043E81 /* LaunchScreen.storyboard */; };
		3C6B5CAA23F6AD8A00043E81 /* TrashCamTests.swift in Sources */ = {isa = PBXBuildFile; fileRef = 3C6B5CA923F6AD8A00043E81 /* TrashCamTests.swift */; };
		3C6B5CB523F6AD8A00043E81 /* TrashCamUITests.swift in Sources */ = {isa = PBXBuildFile; fileRef = 3C6B5CB423F6AD8A00043E81 /* TrashCamUITests.swift */; };
		3C6B5CC323F6D27000043E81 /* ProfileContentView.swift in Sources */ = {isa = PBXBuildFile; fileRef = 3C6B5CC223F6D27000043E81 /* ProfileContentView.swift */; };
		3C6B5CC523F6D58500043E81 /* UserImageCircle.swift in Sources */ = {isa = PBXBuildFile; fileRef = 3C6B5CC423F6D58500043E81 /* UserImageCircle.swift */; };
		3C6B5CC723F6DAB300043E81 /* ProfileMapView.swift in Sources */ = {isa = PBXBuildFile; fileRef = 3C6B5CC623F6DAB300043E81 /* ProfileMapView.swift */; };
/* End PBXBuildFile section */

/* Begin PBXContainerItemProxy section */
		3C6B5CA623F6AD8A00043E81 /* PBXContainerItemProxy */ = {
			isa = PBXContainerItemProxy;
			containerPortal = 3C6B5C8723F6AD8900043E81 /* Project object */;
			proxyType = 1;
			remoteGlobalIDString = 3C6B5C8E23F6AD8900043E81;
			remoteInfo = TrashCam;
		};
		3C6B5CB123F6AD8A00043E81 /* PBXContainerItemProxy */ = {
			isa = PBXContainerItemProxy;
			containerPortal = 3C6B5C8723F6AD8900043E81 /* Project object */;
			proxyType = 1;
			remoteGlobalIDString = 3C6B5C8E23F6AD8900043E81;
			remoteInfo = TrashCam;
		};
/* End PBXContainerItemProxy section */

/* Begin PBXFileReference section */
		3C6B5C8F23F6AD8900043E81 /* TrashCam.app */ = {isa = PBXFileReference; explicitFileType = wrapper.application; includeInIndex = 0; path = TrashCam.app; sourceTree = BUILT_PRODUCTS_DIR; };
		3C6B5C9223F6AD8900043E81 /* AppDelegate.swift */ = {isa = PBXFileReference; lastKnownFileType = sourcecode.swift; path = AppDelegate.swift; sourceTree = "<group>"; };
		3C6B5C9423F6AD8900043E81 /* SceneDelegate.swift */ = {isa = PBXFileReference; lastKnownFileType = sourcecode.swift; path = SceneDelegate.swift; sourceTree = "<group>"; };
		3C6B5C9623F6AD8900043E81 /* ViewController.swift */ = {isa = PBXFileReference; lastKnownFileType = sourcecode.swift; path = ViewController.swift; sourceTree = "<group>"; };
		3C6B5C9923F6AD8900043E81 /* Base */ = {isa = PBXFileReference; lastKnownFileType = file.storyboard; name = Base; path = Base.lproj/Main.storyboard; sourceTree = "<group>"; };
		3C6B5C9B23F6AD8A00043E81 /* Assets.xcassets */ = {isa = PBXFileReference; lastKnownFileType = folder.assetcatalog; path = Assets.xcassets; sourceTree = "<group>"; };
		3C6B5C9E23F6AD8A00043E81 /* Base */ = {isa = PBXFileReference; lastKnownFileType = file.storyboard; name = Base; path = Base.lproj/LaunchScreen.storyboard; sourceTree = "<group>"; };
		3C6B5CA023F6AD8A00043E81 /* Info.plist */ = {isa = PBXFileReference; lastKnownFileType = text.plist.xml; path = Info.plist; sourceTree = "<group>"; };
		3C6B5CA523F6AD8A00043E81 /* TrashCamTests.xctest */ = {isa = PBXFileReference; explicitFileType = wrapper.cfbundle; includeInIndex = 0; path = TrashCamTests.xctest; sourceTree = BUILT_PRODUCTS_DIR; };
		3C6B5CA923F6AD8A00043E81 /* TrashCamTests.swift */ = {isa = PBXFileReference; lastKnownFileType = sourcecode.swift; path = TrashCamTests.swift; sourceTree = "<group>"; };
		3C6B5CAB23F6AD8A00043E81 /* Info.plist */ = {isa = PBXFileReference; lastKnownFileType = text.plist.xml; path = Info.plist; sourceTree = "<group>"; };
		3C6B5CB023F6AD8A00043E81 /* TrashCamUITests.xctest */ = {isa = PBXFileReference; explicitFileType = wrapper.cfbundle; includeInIndex = 0; path = TrashCamUITests.xctest; sourceTree = BUILT_PRODUCTS_DIR; };
		3C6B5CB423F6AD8A00043E81 /* TrashCamUITests.swift */ = {isa = PBXFileReference; lastKnownFileType = sourcecode.swift; path = TrashCamUITests.swift; sourceTree = "<group>"; };
		3C6B5CB623F6AD8A00043E81 /* Info.plist */ = {isa = PBXFileReference; lastKnownFileType = text.plist.xml; path = Info.plist; sourceTree = "<group>"; };
		3C6B5CC223F6D27000043E81 /* ProfileContentView.swift */ = {isa = PBXFileReference; lastKnownFileType = sourcecode.swift; path = ProfileContentView.swift; sourceTree = "<group>"; };
		3C6B5CC423F6D58500043E81 /* UserImageCircle.swift */ = {isa = PBXFileReference; lastKnownFileType = sourcecode.swift; path = UserImageCircle.swift; sourceTree = "<group>"; };
		3C6B5CC623F6DAB300043E81 /* ProfileMapView.swift */ = {isa = PBXFileReference; lastKnownFileType = sourcecode.swift; path = ProfileMapView.swift; sourceTree = "<group>"; };
/* End PBXFileReference section */

/* Begin PBXFrameworksBuildPhase section */
		3C6B5C8C23F6AD8900043E81 /* Frameworks */ = {
			isa = PBXFrameworksBuildPhase;
			buildActionMask = 2147483647;
			files = (
			);
			runOnlyForDeploymentPostprocessing = 0;
		};
		3C6B5CA223F6AD8A00043E81 /* Frameworks */ = {
			isa = PBXFrameworksBuildPhase;
			buildActionMask = 2147483647;
			files = (
			);
			runOnlyForDeploymentPostprocessing = 0;
		};
		3C6B5CAD23F6AD8A00043E81 /* Frameworks */ = {
			isa = PBXFrameworksBuildPhase;
			buildActionMask = 2147483647;
			files = (
			);
			runOnlyForDeploymentPostprocessing = 0;
		};
/* End PBXFrameworksBuildPhase section */

/* Begin PBXGroup section */
		3C6B5C8623F6AD8900043E81 = {
			isa = PBXGroup;
			children = (
				3C6B5C9123F6AD8900043E81 /* TrashCam */,
				3C6B5CA823F6AD8A00043E81 /* TrashCamTests */,
				3C6B5CB323F6AD8A00043E81 /* TrashCamUITests */,
				3C6B5C9023F6AD8900043E81 /* Products */,
			);
			sourceTree = "<group>";
		};
		3C6B5C9023F6AD8900043E81 /* Products */ = {
			isa = PBXGroup;
			children = (
				3C6B5C8F23F6AD8900043E81 /* TrashCam.app */,
				3C6B5CA523F6AD8A00043E81 /* TrashCamTests.xctest */,
				3C6B5CB023F6AD8A00043E81 /* TrashCamUITests.xctest */,
			);
			name = Products;
			sourceTree = "<group>";
		};
		3C6B5C9123F6AD8900043E81 /* TrashCam */ = {
			isa = PBXGroup;
			children = (
				3C6B5C9223F6AD8900043E81 /* AppDelegate.swift */,
				3C6B5C9423F6AD8900043E81 /* SceneDelegate.swift */,
				3C6B5C9623F6AD8900043E81 /* ViewController.swift */,
				3C6B5C9823F6AD8900043E81 /* Main.storyboard */,
				3C6B5CC423F6D58500043E81 /* UserImageCircle.swift */,
				3C6B5CC623F6DAB300043E81 /* ProfileMapView.swift */,
				3C6B5CC223F6D27000043E81 /* ProfileContentView.swift */,
				3C6B5C9B23F6AD8A00043E81 /* Assets.xcassets */,
				3C6B5C9D23F6AD8A00043E81 /* LaunchScreen.storyboard */,
				3C6B5CA023F6AD8A00043E81 /* Info.plist */,
			);
			path = TrashCam;
			sourceTree = "<group>";
		};
		3C6B5CA823F6AD8A00043E81 /* TrashCamTests */ = {
			isa = PBXGroup;
			children = (
				3C6B5CA923F6AD8A00043E81 /* TrashCamTests.swift */,
				3C6B5CAB23F6AD8A00043E81 /* Info.plist */,
			);
			path = TrashCamTests;
			sourceTree = "<group>";
		};
		3C6B5CB323F6AD8A00043E81 /* TrashCamUITests */ = {
			isa = PBXGroup;
			children = (
				3C6B5CB423F6AD8A00043E81 /* TrashCamUITests.swift */,
				3C6B5CB623F6AD8A00043E81 /* Info.plist */,
			);
			path = TrashCamUITests;
			sourceTree = "<group>";
		};
/* End PBXGroup section */

/* Begin PBXNativeTarget section */
		3C6B5C8E23F6AD8900043E81 /* TrashCam */ = {
			isa = PBXNativeTarget;
			buildConfigurationList = 3C6B5CB923F6AD8A00043E81 /* Build configuration list for PBXNativeTarget "TrashCam" */;
			buildPhases = (
				3C6B5C8B23F6AD8900043E81 /* Sources */,
				3C6B5C8C23F6AD8900043E81 /* Frameworks */,
				3C6B5C8D23F6AD8900043E81 /* Resources */,
			);
			buildRules = (
			);
			dependencies = (
			);
			name = TrashCam;
			productName = TrashCam;
			productReference = 3C6B5C8F23F6AD8900043E81 /* TrashCam.app */;
			productType = "com.apple.product-type.application";
		};
		3C6B5CA423F6AD8A00043E81 /* TrashCamTests */ = {
			isa = PBXNativeTarget;
			buildConfigurationList = 3C6B5CBC23F6AD8A00043E81 /* Build configuration list for PBXNativeTarget "TrashCamTests" */;
			buildPhases = (
				3C6B5CA123F6AD8A00043E81 /* Sources */,
				3C6B5CA223F6AD8A00043E81 /* Frameworks */,
				3C6B5CA323F6AD8A00043E81 /* Resources */,
			);
			buildRules = (
			);
			dependencies = (
				3C6B5CA723F6AD8A00043E81 /* PBXTargetDependency */,
			);
			name = TrashCamTests;
			productName = TrashCamTests;
			productReference = 3C6B5CA523F6AD8A00043E81 /* TrashCamTests.xctest */;
			productType = "com.apple.product-type.bundle.unit-test";
		};
		3C6B5CAF23F6AD8A00043E81 /* TrashCamUITests */ = {
			isa = PBXNativeTarget;
			buildConfigurationList = 3C6B5CBF23F6AD8A00043E81 /* Build configuration list for PBXNativeTarget "TrashCamUITests" */;
			buildPhases = (
				3C6B5CAC23F6AD8A00043E81 /* Sources */,
				3C6B5CAD23F6AD8A00043E81 /* Frameworks */,
				3C6B5CAE23F6AD8A00043E81 /* Resources */,
			);
			buildRules = (
			);
			dependencies = (
				3C6B5CB223F6AD8A00043E81 /* PBXTargetDependency */,
			);
			name = TrashCamUITests;
			productName = TrashCamUITests;
			productReference = 3C6B5CB023F6AD8A00043E81 /* TrashCamUITests.xctest */;
			productType = "com.apple.product-type.bundle.ui-testing";
		};
/* End PBXNativeTarget section */

/* Begin PBXProject section */
		3C6B5C8723F6AD8900043E81 /* Project object */ = {
			isa = PBXProject;
			attributes = {
				LastSwiftUpdateCheck = 1130;
				LastUpgradeCheck = 1130;
				ORGANIZATIONNAME = "Hrishikesh Bhattu";
				TargetAttributes = {
					3C6B5C8E23F6AD8900043E81 = {
						CreatedOnToolsVersion = 11.3;
					};
					3C6B5CA423F6AD8A00043E81 = {
						CreatedOnToolsVersion = 11.3;
						TestTargetID = 3C6B5C8E23F6AD8900043E81;
					};
					3C6B5CAF23F6AD8A00043E81 = {
						CreatedOnToolsVersion = 11.3;
						TestTargetID = 3C6B5C8E23F6AD8900043E81;
					};
				};
			};
			buildConfigurationList = 3C6B5C8A23F6AD8900043E81 /* Build configuration list for PBXProject "TrashCam" */;
			compatibilityVersion = "Xcode 9.3";
			developmentRegion = en;
			hasScannedForEncodings = 0;
			knownRegions = (
				en,
				Base,
			);
			mainGroup = 3C6B5C8623F6AD8900043E81;
			productRefGroup = 3C6B5C9023F6AD8900043E81 /* Products */;
			projectDirPath = "";
			projectRoot = "";
			targets = (
				3C6B5C8E23F6AD8900043E81 /* TrashCam */,
				3C6B5CA423F6AD8A00043E81 /* TrashCamTests */,
				3C6B5CAF23F6AD8A00043E81 /* TrashCamUITests */,
			);
		};
/* End PBXProject section */

/* Begin PBXResourcesBuildPhase section */
		3C6B5C8D23F6AD8900043E81 /* Resources */ = {
			isa = PBXResourcesBuildPhase;
			buildActionMask = 2147483647;
			files = (
				3C6B5C9F23F6AD8A00043E81 /* LaunchScreen.storyboard in Resources */,
				3C6B5C9C23F6AD8A00043E81 /* Assets.xcassets in Resources */,
				3C6B5C9A23F6AD8900043E81 /* Main.storyboard in Resources */,
			);
			runOnlyForDeploymentPostprocessing = 0;
		};
		3C6B5CA323F6AD8A00043E81 /* Resources */ = {
			isa = PBXResourcesBuildPhase;
			buildActionMask = 2147483647;
			files = (
			);
			runOnlyForDeploymentPostprocessing = 0;
		};
		3C6B5CAE23F6AD8A00043E81 /* Resources */ = {
			isa = PBXResourcesBuildPhase;
			buildActionMask = 2147483647;
			files = (
			);
			runOnlyForDeploymentPostprocessing = 0;
		};
/* End PBXResourcesBuildPhase section */

/* Begin PBXSourcesBuildPhase section */
		3C6B5C8B23F6AD8900043E81 /* Sources */ = {
			isa = PBXSourcesBuildPhase;
			buildActionMask = 2147483647;
			files = (
				3C6B5C9723F6AD8900043E81 /* ViewController.swift in Sources */,
				3C6B5C9323F6AD8900043E81 /* AppDelegate.swift in Sources */,
				3C6B5CC323F6D27000043E81 /* ProfileContentView.swift in Sources */,
				3C6B5C9523F6AD8900043E81 /* SceneDelegate.swift in Sources */,
				3C6B5CC523F6D58500043E81 /* UserImageCircle.swift in Sources */,
				3C6B5CC723F6DAB300043E81 /* ProfileMapView.swift in Sources */,
			);
			runOnlyForDeploymentPostprocessing = 0;
		};
		3C6B5CA123F6AD8A00043E81 /* Sources */ = {
			isa = PBXSourcesBuildPhase;
			buildActionMask = 2147483647;
			files = (
				3C6B5CAA23F6AD8A00043E81 /* TrashCamTests.swift in Sources */,
			);
			runOnlyForDeploymentPostprocessing = 0;
		};
		3C6B5CAC23F6AD8A00043E81 /* Sources */ = {
			isa = PBXSourcesBuildPhase;
			buildActionMask = 2147483647;
			files = (
				3C6B5CB523F6AD8A00043E81 /* TrashCamUITests.swift in Sources */,
			);
			runOnlyForDeploymentPostprocessing = 0;
		};
/* End PBXSourcesBuildPhase section */

/* Begin PBXTargetDependency section */
		3C6B5CA723F6AD8A00043E81 /* PBXTargetDependency */ = {
			isa = PBXTargetDependency;
			target = 3C6B5C8E23F6AD8900043E81 /* TrashCam */;
			targetProxy = 3C6B5CA623F6AD8A00043E81 /* PBXContainerItemProxy */;
		};
		3C6B5CB223F6AD8A00043E81 /* PBXTargetDependency */ = {
			isa = PBXTargetDependency;
			target = 3C6B5C8E23F6AD8900043E81 /* TrashCam */;
			targetProxy = 3C6B5CB123F6AD8A00043E81 /* PBXContainerItemProxy */;
		};
/* End PBXTargetDependency section */

/* Begin PBXVariantGroup section */
		3C6B5C9823F6AD8900043E81 /* Main.storyboard */ = {
			isa = PBXVariantGroup;
			children = (
				3C6B5C9923F6AD8900043E81 /* Base */,
			);
			name = Main.storyboard;
			sourceTree = "<group>";
		};
		3C6B5C9D23F6AD8A00043E81 /* LaunchScreen.storyboard */ = {
			isa = PBXVariantGroup;
			children = (
				3C6B5C9E23F6AD8A00043E81 /* Base */,
			);
			name = LaunchScreen.storyboard;
			sourceTree = "<group>";
		};
/* End PBXVariantGroup section */

/* Begin XCBuildConfiguration section */
		3C6B5CB723F6AD8A00043E81 /* Debug */ = {
			isa = XCBuildConfiguration;
			buildSettings = {
				ALWAYS_SEARCH_USER_PATHS = NO;
				CLANG_ANALYZER_NONNULL = YES;
				CLANG_ANALYZER_NUMBER_OBJECT_CONVERSION = YES_AGGRESSIVE;
				CLANG_CXX_LANGUAGE_STANDARD = "gnu++14";
				CLANG_CXX_LIBRARY = "libc++";
				CLANG_ENABLE_MODULES = YES;
				CLANG_ENABLE_OBJC_ARC = YES;
				CLANG_ENABLE_OBJC_WEAK = YES;
				CLANG_WARN_BLOCK_CAPTURE_AUTORELEASING = YES;
				CLANG_WARN_BOOL_CONVERSION = YES;
				CLANG_WARN_COMMA = YES;
				CLANG_WARN_CONSTANT_CONVERSION = YES;
				CLANG_WARN_DEPRECATED_OBJC_IMPLEMENTATIONS = YES;
				CLANG_WARN_DIRECT_OBJC_ISA_USAGE = YES_ERROR;
				CLANG_WARN_DOCUMENTATION_COMMENTS = YES;
				CLANG_WARN_EMPTY_BODY = YES;
				CLANG_WARN_ENUM_CONVERSION = YES;
				CLANG_WARN_INFINITE_RECURSION = YES;
				CLANG_WARN_INT_CONVERSION = YES;
				CLANG_WARN_NON_LITERAL_NULL_CONVERSION = YES;
				CLANG_WARN_OBJC_IMPLICIT_RETAIN_SELF = YES;
				CLANG_WARN_OBJC_LITERAL_CONVERSION = YES;
				CLANG_WARN_OBJC_ROOT_CLASS = YES_ERROR;
				CLANG_WARN_RANGE_LOOP_ANALYSIS = YES;
				CLANG_WARN_STRICT_PROTOTYPES = YES;
				CLANG_WARN_SUSPICIOUS_MOVE = YES;
				CLANG_WARN_UNGUARDED_AVAILABILITY = YES_AGGRESSIVE;
				CLANG_WARN_UNREACHABLE_CODE = YES;
				CLANG_WARN__DUPLICATE_METHOD_MATCH = YES;
				COPY_PHASE_STRIP = NO;
				DEBUG_INFORMATION_FORMAT = dwarf;
				ENABLE_STRICT_OBJC_MSGSEND = YES;
				ENABLE_TESTABILITY = YES;
				GCC_C_LANGUAGE_STANDARD = gnu11;
				GCC_DYNAMIC_NO_PIC = NO;
				GCC_NO_COMMON_BLOCKS = YES;
				GCC_OPTIMIZATION_LEVEL = 0;
				GCC_PREPROCESSOR_DEFINITIONS = (
					"DEBUG=1",
					"$(inherited)",
				);
				GCC_WARN_64_TO_32_BIT_CONVERSION = YES;
				GCC_WARN_ABOUT_RETURN_TYPE = YES_ERROR;
				GCC_WARN_UNDECLARED_SELECTOR = YES;
				GCC_WARN_UNINITIALIZED_AUTOS = YES_AGGRESSIVE;
				GCC_WARN_UNUSED_FUNCTION = YES;
				GCC_WARN_UNUSED_VARIABLE = YES;
				IPHONEOS_DEPLOYMENT_TARGET = 13.2;
				MTL_ENABLE_DEBUG_INFO = INCLUDE_SOURCE;
				MTL_FAST_MATH = YES;
				ONLY_ACTIVE_ARCH = YES;
				SDKROOT = iphoneos;
				SWIFT_ACTIVE_COMPILATION_CONDITIONS = DEBUG;
				SWIFT_OPTIMIZATION_LEVEL = "-Onone";
			};
			name = Debug;
		};
		3C6B5CB823F6AD8A00043E81 /* Release */ = {
			isa = XCBuildConfiguration;
			buildSettings = {
				ALWAYS_SEARCH_USER_PATHS = NO;
				CLANG_ANALYZER_NONNULL = YES;
				CLANG_ANALYZER_NUMBER_OBJECT_CONVERSION = YES_AGGRESSIVE;
				CLANG_CXX_LANGUAGE_STANDARD = "gnu++14";
				CLANG_CXX_LIBRARY = "libc++";
				CLANG_ENABLE_MODULES = YES;
				CLANG_ENABLE_OBJC_ARC = YES;
				CLANG_ENABLE_OBJC_WEAK = YES;
				CLANG_WARN_BLOCK_CAPTURE_AUTORELEASING = YES;
				CLANG_WARN_BOOL_CONVERSION = YES;
				CLANG_WARN_COMMA = YES;
				CLANG_WARN_CONSTANT_CONVERSION = YES;
				CLANG_WARN_DEPRECATED_OBJC_IMPLEMENTATIONS = YES;
				CLANG_WARN_DIRECT_OBJC_ISA_USAGE = YES_ERROR;
				CLANG_WARN_DOCUMENTATION_COMMENTS = YES;
				CLANG_WARN_EMPTY_BODY = YES;
				CLANG_WARN_ENUM_CONVERSION = YES;
				CLANG_WARN_INFINITE_RECURSION = YES;
				CLANG_WARN_INT_CONVERSION = YES;
				CLANG_WARN_NON_LITERAL_NULL_CONVERSION = YES;
				CLANG_WARN_OBJC_IMPLICIT_RETAIN_SELF = YES;
				CLANG_WARN_OBJC_LITERAL_CONVERSION = YES;
				CLANG_WARN_OBJC_ROOT_CLASS = YES_ERROR;
				CLANG_WARN_RANGE_LOOP_ANALYSIS = YES;
				CLANG_WARN_STRICT_PROTOTYPES = YES;
				CLANG_WARN_SUSPICIOUS_MOVE = YES;
				CLANG_WARN_UNGUARDED_AVAILABILITY = YES_AGGRESSIVE;
				CLANG_WARN_UNREACHABLE_CODE = YES;
				CLANG_WARN__DUPLICATE_METHOD_MATCH = YES;
				COPY_PHASE_STRIP = NO;
				DEBUG_INFORMATION_FORMAT = "dwarf-with-dsym";
				ENABLE_NS_ASSERTIONS = NO;
				ENABLE_STRICT_OBJC_MSGSEND = YES;
				GCC_C_LANGUAGE_STANDARD = gnu11;
				GCC_NO_COMMON_BLOCKS = YES;
				GCC_WARN_64_TO_32_BIT_CONVERSION = YES;
				GCC_WARN_ABOUT_RETURN_TYPE = YES_ERROR;
				GCC_WARN_UNDECLARED_SELECTOR = YES;
				GCC_WARN_UNINITIALIZED_AUTOS = YES_AGGRESSIVE;
				GCC_WARN_UNUSED_FUNCTION = YES;
				GCC_WARN_UNUSED_VARIABLE = YES;
				IPHONEOS_DEPLOYMENT_TARGET = 13.2;
				MTL_ENABLE_DEBUG_INFO = NO;
				MTL_FAST_MATH = YES;
				SDKROOT = iphoneos;
				SWIFT_COMPILATION_MODE = wholemodule;
				SWIFT_OPTIMIZATION_LEVEL = "-O";
				VALIDATE_PRODUCT = YES;
			};
			name = Release;
		};
		3C6B5CBA23F6AD8A00043E81 /* Debug */ = {
			isa = XCBuildConfiguration;
			buildSettings = {
				ASSETCATALOG_COMPILER_APPICON_NAME = AppIcon;
				CODE_SIGN_STYLE = Automatic;
				DEVELOPMENT_TEAM = GYP5U8V7NY;
				INFOPLIST_FILE = TrashCam/Info.plist;
				LD_RUNPATH_SEARCH_PATHS = (
					"$(inherited)",
					"@executable_path/Frameworks",
				);
				PRODUCT_BUNDLE_IDENTIFIER = com.hrishikesh.hack2020.TrashCam;
				PRODUCT_NAME = "$(TARGET_NAME)";
				SWIFT_VERSION = 5.0;
				TARGETED_DEVICE_FAMILY = "1,2";
			};
			name = Debug;
		};
		3C6B5CBB23F6AD8A00043E81 /* Release */ = {
			isa = XCBuildConfiguration;
			buildSettings = {
				ASSETCATALOG_COMPILER_APPICON_NAME = AppIcon;
				CODE_SIGN_STYLE = Automatic;
				DEVELOPMENT_TEAM = GYP5U8V7NY;
				INFOPLIST_FILE = TrashCam/Info.plist;
				LD_RUNPATH_SEARCH_PATHS = (
					"$(inherited)",
					"@executable_path/Frameworks",
				);
				PRODUCT_BUNDLE_IDENTIFIER = com.hrishikesh.hack2020.TrashCam;
				PRODUCT_NAME = "$(TARGET_NAME)";
				SWIFT_VERSION = 5.0;
				TARGETED_DEVICE_FAMILY = "1,2";
			};
			name = Release;
		};
		3C6B5CBD23F6AD8A00043E81 /* Debug */ = {
			isa = XCBuildConfiguration;
			buildSettings = {
				ALWAYS_EMBED_SWIFT_STANDARD_LIBRARIES = YES;
				BUNDLE_LOADER = "$(TEST_HOST)";
				CODE_SIGN_STYLE = Automatic;
				DEVELOPMENT_TEAM = GYP5U8V7NY;
				INFOPLIST_FILE = TrashCamTests/Info.plist;
				IPHONEOS_DEPLOYMENT_TARGET = 13.2;
				LD_RUNPATH_SEARCH_PATHS = (
					"$(inherited)",
					"@executable_path/Frameworks",
					"@loader_path/Frameworks",
				);
				PRODUCT_BUNDLE_IDENTIFIER = com.hrishikesh.hack2020.TrashCamTests;
				PRODUCT_NAME = "$(TARGET_NAME)";
				SWIFT_VERSION = 5.0;
				TARGETED_DEVICE_FAMILY = "1,2";
				TEST_HOST = "$(BUILT_PRODUCTS_DIR)/TrashCam.app/TrashCam";
			};
			name = Debug;
		};
		3C6B5CBE23F6AD8A00043E81 /* Release */ = {
			isa = XCBuildConfiguration;
			buildSettings = {
				ALWAYS_EMBED_SWIFT_STANDARD_LIBRARIES = YES;
				BUNDLE_LOADER = "$(TEST_HOST)";
				CODE_SIGN_STYLE = Automatic;
				DEVELOPMENT_TEAM = GYP5U8V7NY;
				INFOPLIST_FILE = TrashCamTests/Info.plist;
				IPHONEOS_DEPLOYMENT_TARGET = 13.2;
				LD_RUNPATH_SEARCH_PATHS = (
					"$(inherited)",
					"@executable_path/Frameworks",
					"@loader_path/Frameworks",
				);
				PRODUCT_BUNDLE_IDENTIFIER = com.hrishikesh.hack2020.TrashCamTests;
				PRODUCT_NAME = "$(TARGET_NAME)";
				SWIFT_VERSION = 5.0;
				TARGETED_DEVICE_FAMILY = "1,2";
				TEST_HOST = "$(BUILT_PRODUCTS_DIR)/TrashCam.app/TrashCam";
			};
			name = Release;
		};
		3C6B5CC023F6AD8A00043E81 /* Debug */ = {
			isa = XCBuildConfiguration;
			buildSettings = {
				ALWAYS_EMBED_SWIFT_STANDARD_LIBRARIES = YES;
				CODE_SIGN_STYLE = Automatic;
				DEVELOPMENT_TEAM = GYP5U8V7NY;
				INFOPLIST_FILE = TrashCamUITests/Info.plist;
				LD_RUNPATH_SEARCH_PATHS = (
					"$(inherited)",
					"@executable_path/Frameworks",
					"@loader_path/Frameworks",
				);
				PRODUCT_BUNDLE_IDENTIFIER = com.hrishikesh.hack2020.TrashCamUITests;
				PRODUCT_NAME = "$(TARGET_NAME)";
				SWIFT_VERSION = 5.0;
				TARGETED_DEVICE_FAMILY = "1,2";
				TEST_TARGET_NAME = TrashCam;
			};
			name = Debug;
		};
		3C6B5CC123F6AD8A00043E81 /* Release */ = {
			isa = XCBuildConfiguration;
			buildSettings = {
				ALWAYS_EMBED_SWIFT_STANDARD_LIBRARIES = YES;
				CODE_SIGN_STYLE = Automatic;
				DEVELOPMENT_TEAM = GYP5U8V7NY;
				INFOPLIST_FILE = TrashCamUITests/Info.plist;
				LD_RUNPATH_SEARCH_PATHS = (
					"$(inherited)",
					"@executable_path/Frameworks",
					"@loader_path/Frameworks",
				);
				PRODUCT_BUNDLE_IDENTIFIER = com.hrishikesh.hack2020.TrashCamUITests;
				PRODUCT_NAME = "$(TARGET_NAME)";
				SWIFT_VERSION = 5.0;
				TARGETED_DEVICE_FAMILY = "1,2";
				TEST_TARGET_NAME = TrashCam;
			};
			name = Release;
		};
/* End XCBuildConfiguration section */

/* Begin XCConfigurationList section */
		3C6B5C8A23F6AD8900043E81 /* Build configuration list for PBXProject "TrashCam" */ = {
			isa = XCConfigurationList;
			buildConfigurations = (
				3C6B5CB723F6AD8A00043E81 /* Debug */,
				3C6B5CB823F6AD8A00043E81 /* Release */,
			);
			defaultConfigurationIsVisible = 0;
			defaultConfigurationName = Release;
		};
		3C6B5CB923F6AD8A00043E81 /* Build configuration list for PBXNativeTarget "TrashCam" */ = {
			isa = XCConfigurationList;
			buildConfigurations = (
				3C6B5CBA23F6AD8A00043E81 /* Debug */,
				3C6B5CBB23F6AD8A00043E81 /* Release */,
			);
			defaultConfigurationIsVisible = 0;
			defaultConfigurationName = Release;
		};
		3C6B5CBC23F6AD8A00043E81 /* Build configuration list for PBXNativeTarget "TrashCamTests" */ = {
			isa = XCConfigurationList;
			buildConfigurations = (
				3C6B5CBD23F6AD8A00043E81 /* Debug */,
				3C6B5CBE23F6AD8A00043E81 /* Release */,
			);
			defaultConfigurationIsVisible = 0;
			defaultConfigurationName = Release;
		};
		3C6B5CBF23F6AD8A00043E81 /* Build configuration list for PBXNativeTarget "TrashCamUITests" */ = {
			isa = XCConfigurationList;
			buildConfigurations = (
				3C6B5CC023F6AD8A00043E81 /* Debug */,
				3C6B5CC123F6AD8A00043E81 /* Release */,
			);
			defaultConfigurationIsVisible = 0;
			defaultConfigurationName = Release;
		};
/* End XCConfigurationList section */
	};
	rootObject = 3C6B5C8723F6AD8900043E81 /* Project object */;
}
